// !$*UTF8*$!
{
	archiveVersion = 1;
	classes = {
	};
	objectVersion = 51;
	objects = {

/* Begin PBXBuildFile section */
		1610B08324A8C6A200504CC8 /* GradientView.swift in Sources */ = {isa = PBXBuildFile; fileRef = 1610B08224A8C6A200504CC8 /* GradientView.swift */; };
		1677289C24D1B93500463869 /* AppleUserInfoStore.swift in Sources */ = {isa = PBXBuildFile; fileRef = 1677289B24D1B93500463869 /* AppleUserInfoStore.swift */; };
		1F24DE30531F19FD720BDCE9 /* Pods_ColorNinja.framework in Frameworks */ = {isa = PBXBuildFile; fileRef = 9CAA71D5E770FF4DCA29EEEA /* Pods_ColorNinja.framework */; };
		55A5653B40B2938C039A214B /* Pods_OneSignalNotificationServiceExtension.framework in Frameworks */ = {isa = PBXBuildFile; fileRef = BFD7FFB1A0788B5C3CC3126A /* Pods_OneSignalNotificationServiceExtension.framework */; };
		8C2C72782467A58C00883388 /* RankingViewController.swift in Sources */ = {isa = PBXBuildFile; fileRef = 8C2C72772467A58C00883388 /* RankingViewController.swift */; };
		8C2C727C2467A79700883388 /* RankingTableView.swift in Sources */ = {isa = PBXBuildFile; fileRef = 8C2C727B2467A79700883388 /* RankingTableView.swift */; };
		8C2C72802467A7CC00883388 /* RankingTableViewCell.swift in Sources */ = {isa = PBXBuildFile; fileRef = 8C2C727F2467A7CC00883388 /* RankingTableViewCell.swift */; };
		8C2C72822467ACD300883388 /* RankingCellModel.swift in Sources */ = {isa = PBXBuildFile; fileRef = 8C2C72812467ACD300883388 /* RankingCellModel.swift */; };
		8C34F005246E914600E156FD /* ZaloService.swift in Sources */ = {isa = PBXBuildFile; fileRef = 8C34F004246E914600E156FD /* ZaloService.swift */; };
		8C5FA0B9246AE6F4005D33E0 /* HomeViewController.swift in Sources */ = {isa = PBXBuildFile; fileRef = 8C5FA0B8246AE6F4005D33E0 /* HomeViewController.swift */; };
		8C5FFEE92472E84500D9FA5E /* AppDelegateDispatcher.swift in Sources */ = {isa = PBXBuildFile; fileRef = 8C5FFEE82472E84500D9FA5E /* AppDelegateDispatcher.swift */; };
		8C5FFEEB2472E87E00D9FA5E /* BaseAppDelegate.swift in Sources */ = {isa = PBXBuildFile; fileRef = 8C5FFEEA2472E87E00D9FA5E /* BaseAppDelegate.swift */; };
		8C5FFEED2472E8B500D9FA5E /* ZaloSDKAppDelegate.swift in Sources */ = {isa = PBXBuildFile; fileRef = 8C5FFEEC2472E8B500D9FA5E /* ZaloSDKAppDelegate.swift */; };
		8C5FFEEF2472E8D800D9FA5E /* FacebookSDKAppDelegate.swift in Sources */ = {isa = PBXBuildFile; fileRef = 8C5FFEEE2472E8D800D9FA5E /* FacebookSDKAppDelegate.swift */; };
		8C6350A924735C8C00ADAB01 /* FacebookService.swift in Sources */ = {isa = PBXBuildFile; fileRef = 8C6350A824735C8C00ADAB01 /* FacebookService.swift */; };
		8C6EC7442467DE8E00612802 /* ZPopup.swift in Sources */ = {isa = PBXBuildFile; fileRef = 8C6EC7432467DE8E00612802 /* ZPopup.swift */; };
		8C6EC7492467E3C100612802 /* PopupViewController.swift in Sources */ = {isa = PBXBuildFile; fileRef = 8C6EC7482467E3C100612802 /* PopupViewController.swift */; };
		8C73DB8D246AA8E40095FE8A /* ZaloSDKApiWrapper.swift in Sources */ = {isa = PBXBuildFile; fileRef = 8C73DB8C246AA8E40095FE8A /* ZaloSDKApiWrapper.swift */; };
		8C7ABAB6246D5AE900063AE4 /* Utils.swift in Sources */ = {isa = PBXBuildFile; fileRef = 8C7ABAB5246D5AE900063AE4 /* Utils.swift */; };
		8C8BA174246E707900A73046 /* UIImageView+Extension.swift in Sources */ = {isa = PBXBuildFile; fileRef = 8C8BA173246E707900A73046 /* UIImageView+Extension.swift */; };
		8CC6DB40246B8D380017B60A /* ZaloUser.swift in Sources */ = {isa = PBXBuildFile; fileRef = 8CC6DB3F246B8D380017B60A /* ZaloUser.swift */; };
		8CC6DB42246B8E160017B60A /* Dictionary+Extension.swift in Sources */ = {isa = PBXBuildFile; fileRef = 8CC6DB41246B8E160017B60A /* Dictionary+Extension.swift */; };
		8CC6DB44246B8E470017B60A /* Collection+Extension.swift in Sources */ = {isa = PBXBuildFile; fileRef = 8CC6DB43246B8E470017B60A /* Collection+Extension.swift */; };
		8CC6DB47246B8FA90017B60A /* Date+Extension.swift in Sources */ = {isa = PBXBuildFile; fileRef = 8CC6DB46246B8FA90017B60A /* Date+Extension.swift */; };
		F21145F4247CE092005ACB50 /* LeaderBoardStruct.swift in Sources */ = {isa = PBXBuildFile; fileRef = F21145F3247CE092005ACB50 /* LeaderBoardStruct.swift */; };
		F2278BBB24B9C3A80091D898 /* LDBannerAdView.swift in Sources */ = {isa = PBXBuildFile; fileRef = F2278BBA24B9C3A80091D898 /* LDBannerAdView.swift */; };
		F22F85642465A34900493BB6 /* Constants.swift in Sources */ = {isa = PBXBuildFile; fileRef = F22F85632465A34900493BB6 /* Constants.swift */; };
		F22F85662465A71E00493BB6 /* UIView+Extension.swift in Sources */ = {isa = PBXBuildFile; fileRef = F22F85652465A71E00493BB6 /* UIView+Extension.swift */; };
		F22F85682465AF2100493BB6 /* ZButton.swift in Sources */ = {isa = PBXBuildFile; fileRef = F22F85672465AF2100493BB6 /* ZButton.swift */; };
		F22F856A2465B55400493BB6 /* SinglePlayerViewController.swift in Sources */ = {isa = PBXBuildFile; fileRef = F22F85692465B55400493BB6 /* SinglePlayerViewController.swift */; };
		F22F8584246679DA00493BB6 /* Size.swift in Sources */ = {isa = PBXBuildFile; fileRef = F22F8583246679DA00493BB6 /* Size.swift */; };
		F22F85882466940900493BB6 /* StaticFunctions.swift in Sources */ = {isa = PBXBuildFile; fileRef = F22F85872466940900493BB6 /* StaticFunctions.swift */; };
		F234761124671FE1004C8363 /* ColorCellModel.swift in Sources */ = {isa = PBXBuildFile; fileRef = F234761024671FE1004C8363 /* ColorCellModel.swift */; };
		F23476142467B4D0004C8363 /* ColorStore.swift in Sources */ = {isa = PBXBuildFile; fileRef = F23476132467B4D0004C8363 /* ColorStore.swift */; };
		F2347631246809C5004C8363 /* GameOverPopup.swift in Sources */ = {isa = PBXBuildFile; fileRef = F2347630246809C5004C8363 /* GameOverPopup.swift */; };
		F234763324680D75004C8363 /* GameSettingPopup.swift in Sources */ = {isa = PBXBuildFile; fileRef = F234763224680D75004C8363 /* GameSettingPopup.swift */; };
		F2347635246836D7004C8363 /* UIColor+Extension.swift in Sources */ = {isa = PBXBuildFile; fileRef = F2347634246836D7004C8363 /* UIColor+Extension.swift */; };
		F2347638246851A5004C8363 /* ButtonWithImage.swift in Sources */ = {isa = PBXBuildFile; fileRef = F2347637246851A5004C8363 /* ButtonWithImage.swift */; };
		F2405A962499339D00E71481 /* Localizable.strings in Resources */ = {isa = PBXBuildFile; fileRef = F2405A982499339E00E71481 /* Localizable.strings */; };
		F24E4348247A5C5E00FBA7B1 /* DataBaseService.swift in Sources */ = {isa = PBXBuildFile; fileRef = F24E4347247A5C5E00FBA7B1 /* DataBaseService.swift */; };
		F24E4366247A802900FBA7B1 /* CharacterSet+Extension.swift in Sources */ = {isa = PBXBuildFile; fileRef = F24E4365247A802900FBA7B1 /* CharacterSet+Extension.swift */; };
		F260CA622476C63500D00348 /* CreateRoomViewController.swift in Sources */ = {isa = PBXBuildFile; fileRef = F260CA612476C63500D00348 /* CreateRoomViewController.swift */; };
		F260CA642476DFBF00D00348 /* JoinRoomPopup.swift in Sources */ = {isa = PBXBuildFile; fileRef = F260CA632476DFBF00D00348 /* JoinRoomPopup.swift */; };
		F263FDB8246F945A00A4AB0B /* MultiPlayerViewController.swift in Sources */ = {isa = PBXBuildFile; fileRef = F263FDB7246F945A00A4AB0B /* MultiPlayerViewController.swift */; };
		F263FDBB246F950000A4AB0B /* BaseViewController.swift in Sources */ = {isa = PBXBuildFile; fileRef = F263FDBA246F950000A4AB0B /* BaseViewController.swift */; };
		F263FDBE246F993500A4AB0B /* ClientSocket.swift in Sources */ = {isa = PBXBuildFile; fileRef = F263FDBD246F993500A4AB0B /* ClientSocket.swift */; };
		F263FDC0246F9FB600A4AB0B /* BaseGameViewController.swift in Sources */ = {isa = PBXBuildFile; fileRef = F263FDBF246F9FB600A4AB0B /* BaseGameViewController.swift */; };
		F27288ED247EAD0F00330CFC /* ResultGameModel.swift in Sources */ = {isa = PBXBuildFile; fileRef = F27288EC247EAD0F00330CFC /* ResultGameModel.swift */; };
		F27312D9248235F200B9ADCF /* ChangeUserNamePopup.swift in Sources */ = {isa = PBXBuildFile; fileRef = F27312D8248235F200B9ADCF /* ChangeUserNamePopup.swift */; };
		F27454F2246A71A40037A8BA /* MusicPlayer.swift in Sources */ = {isa = PBXBuildFile; fileRef = F27454F1246A71A40037A8BA /* MusicPlayer.swift */; };
		F27454F4246A72F80037A8BA /* bgmusic.mp3 in Resources */ = {isa = PBXBuildFile; fileRef = F27454F3246A72F80037A8BA /* bgmusic.mp3 */; };
		F27454F6246A74660037A8BA /* correctsound.wav in Resources */ = {isa = PBXBuildFile; fileRef = F27454F5246A74660037A8BA /* correctsound.wav */; };
		F27454F8246A76470037A8BA /* incorrectsound.mp3 in Resources */ = {isa = PBXBuildFile; fileRef = F27454F7246A76460037A8BA /* incorrectsound.mp3 */; };
		F275A104247832590077E42F /* OwnerInfo.swift in Sources */ = {isa = PBXBuildFile; fileRef = F275A103247832590077E42F /* OwnerInfo.swift */; };
		F28098BD246AE2410060693D /* GameSettingManager.swift in Sources */ = {isa = PBXBuildFile; fileRef = F28098BC246AE2410060693D /* GameSettingManager.swift */; };
		F28098C3246B02A80060693D /* EvilEmpire-4BBVK.ttf in Resources */ = {isa = PBXBuildFile; fileRef = F28098C2246B02A80060693D /* EvilEmpire-4BBVK.ttf */; };
		F28098C5246B02C00060693D /* SnesItalic-vmAPZ.ttf in Resources */ = {isa = PBXBuildFile; fileRef = F28098C4246B02C00060693D /* SnesItalic-vmAPZ.ttf */; };
		F28098C7246B0D2E0060693D /* Assets.xcassets in Resources */ = {isa = PBXBuildFile; fileRef = F28098C6246B0D2E0060693D /* Assets.xcassets */; };
		F29AFC0E248952EF002CD0E0 /* NetworkManager.swift in Sources */ = {isa = PBXBuildFile; fileRef = F29AFC0D248952EF002CD0E0 /* NetworkManager.swift */; };
		F2A6E68A2466FF5600970D1B /* LevelStore.swift in Sources */ = {isa = PBXBuildFile; fileRef = F2A6E6852466FF5600970D1B /* LevelStore.swift */; };
		F2A6E68B2466FF5600970D1B /* BoardCollectionViewFlowLayout.swift in Sources */ = {isa = PBXBuildFile; fileRef = F2A6E6862466FF5600970D1B /* BoardCollectionViewFlowLayout.swift */; };
		F2A6E68C2466FF5600970D1B /* BoardCollectionView.swift in Sources */ = {isa = PBXBuildFile; fileRef = F2A6E6872466FF5600970D1B /* BoardCollectionView.swift */; };
		F2A6E68D2466FF5600970D1B /* BoardDataSource.swift in Sources */ = {isa = PBXBuildFile; fileRef = F2A6E6882466FF5600970D1B /* BoardDataSource.swift */; };
		F2A6E68E2466FF5600970D1B /* ColorCollectionViewCell.swift in Sources */ = {isa = PBXBuildFile; fileRef = F2A6E6892466FF5600970D1B /* ColorCollectionViewCell.swift */; };
		F2A6E6912467029300970D1B /* LevelModel.swift in Sources */ = {isa = PBXBuildFile; fileRef = F2A6E6902467029300970D1B /* LevelModel.swift */; };
		F2AB0F56246FD07600FE7FDA /* ViewCreator.swift in Sources */ = {isa = PBXBuildFile; fileRef = F2AB0F55246FD07600FE7FDA /* ViewCreator.swift */; };
		F2AB0F58246FD31B00FE7FDA /* User.swift in Sources */ = {isa = PBXBuildFile; fileRef = F2AB0F57246FD31B00FE7FDA /* User.swift */; };
		F2B07F29248A9C6F0019D075 /* GameKit.framework in Frameworks */ = {isa = PBXBuildFile; fileRef = F2B07F28248A9C6F0019D075 /* GameKit.framework */; };
		F2C0607A246566B5001FAD58 /* AppDelegate.swift in Sources */ = {isa = PBXBuildFile; fileRef = F2C06079246566B5001FAD58 /* AppDelegate.swift */; };
		F2C06086246566B7001FAD58 /* LaunchScreen.storyboard in Resources */ = {isa = PBXBuildFile; fileRef = F2C06084246566B7001FAD58 /* LaunchScreen.storyboard */; };
		F2C5962D25472010000F5380 /* UserNameView.swift in Sources */ = {isa = PBXBuildFile; fileRef = F2C5962C25472010000F5380 /* UserNameView.swift */; };
		F2D862372474330E006D3FD4 /* BaseHomeViewController.swift in Sources */ = {isa = PBXBuildFile; fileRef = F2D862362474330E006D3FD4 /* BaseHomeViewController.swift */; };
		F2D862392474332C006D3FD4 /* RoomGameViewController.swift in Sources */ = {isa = PBXBuildFile; fileRef = F2D862382474332C006D3FD4 /* RoomGameViewController.swift */; };
		F2D8623E2474343E006D3FD4 /* LoginViewController.swift in Sources */ = {isa = PBXBuildFile; fileRef = F2D8623D2474343E006D3FD4 /* LoginViewController.swift */; };
		F2EAD8542470429400B2D6B9 /* Squirk-RMvV.ttf in Resources */ = {isa = PBXBuildFile; fileRef = F2EAD8532470429400B2D6B9 /* Squirk-RMvV.ttf */; };
		F2EAFC2E24A711DC001ADCFB /* EventPopup.swift in Sources */ = {isa = PBXBuildFile; fileRef = F2EAFC2D24A711DC001ADCFB /* EventPopup.swift */; };
		F2EAFC3024A8656E001ADCFB /* AppConfig.swift in Sources */ = {isa = PBXBuildFile; fileRef = F2EAFC2F24A8656E001ADCFB /* AppConfig.swift */; };
		F2EB90CB24BAF6B800181467 /* GoogleService-Info.plist in Resources */ = {isa = PBXBuildFile; fileRef = F2EB90CA24BAF6B800181467 /* GoogleService-Info.plist */; };
		F2EB90CD24BB5EAE00181467 /* LDImageView.swift in Sources */ = {isa = PBXBuildFile; fileRef = F2EB90CC24BB5EAE00181467 /* LDImageView.swift */; };
		F2FC529824B0935500443C5B /* NotificationService.swift in Sources */ = {isa = PBXBuildFile; fileRef = F2FC529724B0935500443C5B /* NotificationService.swift */; };
		F2FC529C24B0935500443C5B /* OneSignalNotificationServiceExtension.appex in Embed App Extensions */ = {isa = PBXBuildFile; fileRef = F2FC529524B0935500443C5B /* OneSignalNotificationServiceExtension.appex */; settings = {ATTRIBUTES = (RemoveHeadersOnCopy, ); }; };
/* End PBXBuildFile section */

/* Begin PBXContainerItemProxy section */
		F2FC529A24B0935500443C5B /* PBXContainerItemProxy */ = {
			isa = PBXContainerItemProxy;
			containerPortal = F2C0606E246566B5001FAD58 /* Project object */;
			proxyType = 1;
			remoteGlobalIDString = F2FC529424B0935500443C5B;
			remoteInfo = OneSignalNotificationServiceExtension;
		};
/* End PBXContainerItemProxy section */

/* Begin PBXCopyFilesBuildPhase section */
		F2FC52A024B0935500443C5B /* Embed App Extensions */ = {
			isa = PBXCopyFilesBuildPhase;
			buildActionMask = 8;
			dstPath = "";
			dstSubfolderSpec = 13;
			files = (
				F2FC529C24B0935500443C5B /* OneSignalNotificationServiceExtension.appex in Embed App Extensions */,
			);
			name = "Embed App Extensions";
			runOnlyForDeploymentPostprocessing = 1;
		};
/* End PBXCopyFilesBuildPhase section */

/* Begin PBXFileReference section */
		1610B08224A8C6A200504CC8 /* GradientView.swift */ = {isa = PBXFileReference; lastKnownFileType = sourcecode.swift; path = GradientView.swift; sourceTree = "<group>"; };
		1677289B24D1B93500463869 /* AppleUserInfoStore.swift */ = {isa = PBXFileReference; lastKnownFileType = sourcecode.swift; path = AppleUserInfoStore.swift; sourceTree = "<group>"; };
		2EA3A6356F910FED2BED91AD /* Pods-ColorNinja.release.xcconfig */ = {isa = PBXFileReference; includeInIndex = 1; lastKnownFileType = text.xcconfig; name = "Pods-ColorNinja.release.xcconfig"; path = "Target Support Files/Pods-ColorNinja/Pods-ColorNinja.release.xcconfig"; sourceTree = "<group>"; };
		57C86C5C019D378438E37339 /* Pods-ColorNinja.debug.xcconfig */ = {isa = PBXFileReference; includeInIndex = 1; lastKnownFileType = text.xcconfig; name = "Pods-ColorNinja.debug.xcconfig"; path = "Target Support Files/Pods-ColorNinja/Pods-ColorNinja.debug.xcconfig"; sourceTree = "<group>"; };
		5E0E02E044182AD4183D8A58 /* Pods-OneSignalNotificationServiceExtension.debug.xcconfig */ = {isa = PBXFileReference; includeInIndex = 1; lastKnownFileType = text.xcconfig; name = "Pods-OneSignalNotificationServiceExtension.debug.xcconfig"; path = "Target Support Files/Pods-OneSignalNotificationServiceExtension/Pods-OneSignalNotificationServiceExtension.debug.xcconfig"; sourceTree = "<group>"; };
		8C2C72772467A58C00883388 /* RankingViewController.swift */ = {isa = PBXFileReference; lastKnownFileType = sourcecode.swift; path = RankingViewController.swift; sourceTree = "<group>"; };
		8C2C727B2467A79700883388 /* RankingTableView.swift */ = {isa = PBXFileReference; lastKnownFileType = sourcecode.swift; path = RankingTableView.swift; sourceTree = "<group>"; };
		8C2C727F2467A7CC00883388 /* RankingTableViewCell.swift */ = {isa = PBXFileReference; lastKnownFileType = sourcecode.swift; path = RankingTableViewCell.swift; sourceTree = "<group>"; };
		8C2C72812467ACD300883388 /* RankingCellModel.swift */ = {isa = PBXFileReference; lastKnownFileType = sourcecode.swift; path = RankingCellModel.swift; sourceTree = "<group>"; };
		8C34F004246E914600E156FD /* ZaloService.swift */ = {isa = PBXFileReference; lastKnownFileType = sourcecode.swift; path = ZaloService.swift; sourceTree = "<group>"; };
		8C5FA0B8246AE6F4005D33E0 /* HomeViewController.swift */ = {isa = PBXFileReference; lastKnownFileType = sourcecode.swift; path = HomeViewController.swift; sourceTree = "<group>"; };
		8C5FFEE82472E84500D9FA5E /* AppDelegateDispatcher.swift */ = {isa = PBXFileReference; lastKnownFileType = sourcecode.swift; path = AppDelegateDispatcher.swift; sourceTree = "<group>"; };
		8C5FFEEA2472E87E00D9FA5E /* BaseAppDelegate.swift */ = {isa = PBXFileReference; lastKnownFileType = sourcecode.swift; path = BaseAppDelegate.swift; sourceTree = "<group>"; };
		8C5FFEEC2472E8B500D9FA5E /* ZaloSDKAppDelegate.swift */ = {isa = PBXFileReference; lastKnownFileType = sourcecode.swift; path = ZaloSDKAppDelegate.swift; sourceTree = "<group>"; };
		8C5FFEEE2472E8D800D9FA5E /* FacebookSDKAppDelegate.swift */ = {isa = PBXFileReference; lastKnownFileType = sourcecode.swift; path = FacebookSDKAppDelegate.swift; sourceTree = "<group>"; };
		8C6350A824735C8C00ADAB01 /* FacebookService.swift */ = {isa = PBXFileReference; lastKnownFileType = sourcecode.swift; path = FacebookService.swift; sourceTree = "<group>"; };
		8C6EC7432467DE8E00612802 /* ZPopup.swift */ = {isa = PBXFileReference; lastKnownFileType = sourcecode.swift; path = ZPopup.swift; sourceTree = "<group>"; };
		8C6EC7482467E3C100612802 /* PopupViewController.swift */ = {isa = PBXFileReference; lastKnownFileType = sourcecode.swift; path = PopupViewController.swift; sourceTree = "<group>"; };
		8C73DB8C246AA8E40095FE8A /* ZaloSDKApiWrapper.swift */ = {isa = PBXFileReference; lastKnownFileType = sourcecode.swift; path = ZaloSDKApiWrapper.swift; sourceTree = "<group>"; };
		8C7ABAB5246D5AE900063AE4 /* Utils.swift */ = {isa = PBXFileReference; lastKnownFileType = sourcecode.swift; path = Utils.swift; sourceTree = "<group>"; };
		8C8BA173246E707900A73046 /* UIImageView+Extension.swift */ = {isa = PBXFileReference; lastKnownFileType = sourcecode.swift; name = "UIImageView+Extension.swift"; path = "../UIImageView+Extension.swift"; sourceTree = "<group>"; };
		8CC6DB3F246B8D380017B60A /* ZaloUser.swift */ = {isa = PBXFileReference; lastKnownFileType = sourcecode.swift; path = ZaloUser.swift; sourceTree = "<group>"; };
		8CC6DB41246B8E160017B60A /* Dictionary+Extension.swift */ = {isa = PBXFileReference; lastKnownFileType = sourcecode.swift; path = "Dictionary+Extension.swift"; sourceTree = "<group>"; };
		8CC6DB43246B8E470017B60A /* Collection+Extension.swift */ = {isa = PBXFileReference; lastKnownFileType = sourcecode.swift; path = "Collection+Extension.swift"; sourceTree = "<group>"; };
		8CC6DB46246B8FA90017B60A /* Date+Extension.swift */ = {isa = PBXFileReference; lastKnownFileType = sourcecode.swift; path = "Date+Extension.swift"; sourceTree = "<group>"; };
		9CAA71D5E770FF4DCA29EEEA /* Pods_ColorNinja.framework */ = {isa = PBXFileReference; explicitFileType = wrapper.framework; includeInIndex = 0; path = Pods_ColorNinja.framework; sourceTree = BUILT_PRODUCTS_DIR; };
		BFD7FFB1A0788B5C3CC3126A /* Pods_OneSignalNotificationServiceExtension.framework */ = {isa = PBXFileReference; explicitFileType = wrapper.framework; includeInIndex = 0; path = Pods_OneSignalNotificationServiceExtension.framework; sourceTree = BUILT_PRODUCTS_DIR; };
		EEC542EFC5658C36941397A3 /* Pods-OneSignalNotificationServiceExtension.release.xcconfig */ = {isa = PBXFileReference; includeInIndex = 1; lastKnownFileType = text.xcconfig; name = "Pods-OneSignalNotificationServiceExtension.release.xcconfig"; path = "Target Support Files/Pods-OneSignalNotificationServiceExtension/Pods-OneSignalNotificationServiceExtension.release.xcconfig"; sourceTree = "<group>"; };
		F21145F3247CE092005ACB50 /* LeaderBoardStruct.swift */ = {isa = PBXFileReference; lastKnownFileType = sourcecode.swift; path = LeaderBoardStruct.swift; sourceTree = "<group>"; };
		F2278BBA24B9C3A80091D898 /* LDBannerAdView.swift */ = {isa = PBXFileReference; lastKnownFileType = sourcecode.swift; path = LDBannerAdView.swift; sourceTree = "<group>"; };
		F22F85632465A34900493BB6 /* Constants.swift */ = {isa = PBXFileReference; lastKnownFileType = sourcecode.swift; path = Constants.swift; sourceTree = "<group>"; };
		F22F85652465A71E00493BB6 /* UIView+Extension.swift */ = {isa = PBXFileReference; lastKnownFileType = sourcecode.swift; path = "UIView+Extension.swift"; sourceTree = "<group>"; };
		F22F85672465AF2100493BB6 /* ZButton.swift */ = {isa = PBXFileReference; lastKnownFileType = sourcecode.swift; path = ZButton.swift; sourceTree = "<group>"; };
		F22F85692465B55400493BB6 /* SinglePlayerViewController.swift */ = {isa = PBXFileReference; lastKnownFileType = sourcecode.swift; path = SinglePlayerViewController.swift; sourceTree = "<group>"; };
		F22F8583246679DA00493BB6 /* Size.swift */ = {isa = PBXFileReference; lastKnownFileType = sourcecode.swift; path = Size.swift; sourceTree = "<group>"; };
		F22F85872466940900493BB6 /* StaticFunctions.swift */ = {isa = PBXFileReference; lastKnownFileType = sourcecode.swift; path = StaticFunctions.swift; sourceTree = "<group>"; };
		F234761024671FE1004C8363 /* ColorCellModel.swift */ = {isa = PBXFileReference; lastKnownFileType = sourcecode.swift; path = ColorCellModel.swift; sourceTree = "<group>"; };
		F23476132467B4D0004C8363 /* ColorStore.swift */ = {isa = PBXFileReference; lastKnownFileType = sourcecode.swift; path = ColorStore.swift; sourceTree = "<group>"; };
		F2347630246809C5004C8363 /* GameOverPopup.swift */ = {isa = PBXFileReference; lastKnownFileType = sourcecode.swift; path = GameOverPopup.swift; sourceTree = "<group>"; };
		F234763224680D75004C8363 /* GameSettingPopup.swift */ = {isa = PBXFileReference; lastKnownFileType = sourcecode.swift; path = GameSettingPopup.swift; sourceTree = "<group>"; };
		F2347634246836D7004C8363 /* UIColor+Extension.swift */ = {isa = PBXFileReference; lastKnownFileType = sourcecode.swift; path = "UIColor+Extension.swift"; sourceTree = "<group>"; };
		F2347637246851A5004C8363 /* ButtonWithImage.swift */ = {isa = PBXFileReference; lastKnownFileType = sourcecode.swift; path = ButtonWithImage.swift; sourceTree = "<group>"; };
		F2405A952499339400E71481 /* vi */ = {isa = PBXFileReference; lastKnownFileType = text.plist.strings; name = vi; path = vi.lproj/LaunchScreen.strings; sourceTree = "<group>"; };
		F2405A972499339E00E71481 /* en */ = {isa = PBXFileReference; lastKnownFileType = text.plist.strings; name = en; path = en.lproj/Localizable.strings; sourceTree = "<group>"; };
		F2405A99249933A300E71481 /* vi */ = {isa = PBXFileReference; lastKnownFileType = text.plist.strings; name = vi; path = vi.lproj/Localizable.strings; sourceTree = "<group>"; };
		F24E4347247A5C5E00FBA7B1 /* DataBaseService.swift */ = {isa = PBXFileReference; lastKnownFileType = sourcecode.swift; path = DataBaseService.swift; sourceTree = "<group>"; };
		F24E4365247A802900FBA7B1 /* CharacterSet+Extension.swift */ = {isa = PBXFileReference; lastKnownFileType = sourcecode.swift; path = "CharacterSet+Extension.swift"; sourceTree = "<group>"; };
		F260CA612476C63500D00348 /* CreateRoomViewController.swift */ = {isa = PBXFileReference; lastKnownFileType = sourcecode.swift; path = CreateRoomViewController.swift; sourceTree = "<group>"; };
		F260CA632476DFBF00D00348 /* JoinRoomPopup.swift */ = {isa = PBXFileReference; lastKnownFileType = sourcecode.swift; path = JoinRoomPopup.swift; sourceTree = "<group>"; };
		F263FDB7246F945A00A4AB0B /* MultiPlayerViewController.swift */ = {isa = PBXFileReference; lastKnownFileType = sourcecode.swift; path = MultiPlayerViewController.swift; sourceTree = "<group>"; };
		F263FDBA246F950000A4AB0B /* BaseViewController.swift */ = {isa = PBXFileReference; lastKnownFileType = sourcecode.swift; path = BaseViewController.swift; sourceTree = "<group>"; };
		F263FDBD246F993500A4AB0B /* ClientSocket.swift */ = {isa = PBXFileReference; lastKnownFileType = sourcecode.swift; path = ClientSocket.swift; sourceTree = "<group>"; };
		F263FDBF246F9FB600A4AB0B /* BaseGameViewController.swift */ = {isa = PBXFileReference; lastKnownFileType = sourcecode.swift; path = BaseGameViewController.swift; sourceTree = "<group>"; };
		F27288EC247EAD0F00330CFC /* ResultGameModel.swift */ = {isa = PBXFileReference; lastKnownFileType = sourcecode.swift; path = ResultGameModel.swift; sourceTree = "<group>"; };
		F27312D8248235F200B9ADCF /* ChangeUserNamePopup.swift */ = {isa = PBXFileReference; lastKnownFileType = sourcecode.swift; path = ChangeUserNamePopup.swift; sourceTree = "<group>"; };
		F27454F1246A71A40037A8BA /* MusicPlayer.swift */ = {isa = PBXFileReference; lastKnownFileType = sourcecode.swift; path = MusicPlayer.swift; sourceTree = "<group>"; };
		F27454F3246A72F80037A8BA /* bgmusic.mp3 */ = {isa = PBXFileReference; lastKnownFileType = audio.mp3; path = bgmusic.mp3; sourceTree = "<group>"; };
		F27454F5246A74660037A8BA /* correctsound.wav */ = {isa = PBXFileReference; lastKnownFileType = audio.wav; path = correctsound.wav; sourceTree = "<group>"; };
		F27454F7246A76460037A8BA /* incorrectsound.mp3 */ = {isa = PBXFileReference; lastKnownFileType = audio.mp3; path = incorrectsound.mp3; sourceTree = "<group>"; };
		F275A103247832590077E42F /* OwnerInfo.swift */ = {isa = PBXFileReference; lastKnownFileType = sourcecode.swift; path = OwnerInfo.swift; sourceTree = "<group>"; };
		F28098BC246AE2410060693D /* GameSettingManager.swift */ = {isa = PBXFileReference; lastKnownFileType = sourcecode.swift; path = GameSettingManager.swift; sourceTree = "<group>"; };
		F28098C2246B02A80060693D /* EvilEmpire-4BBVK.ttf */ = {isa = PBXFileReference; lastKnownFileType = file; path = "EvilEmpire-4BBVK.ttf"; sourceTree = "<group>"; };
		F28098C4246B02C00060693D /* SnesItalic-vmAPZ.ttf */ = {isa = PBXFileReference; lastKnownFileType = file; path = "SnesItalic-vmAPZ.ttf"; sourceTree = "<group>"; };
		F28098C6246B0D2E0060693D /* Assets.xcassets */ = {isa = PBXFileReference; lastKnownFileType = folder.assetcatalog; path = Assets.xcassets; sourceTree = "<group>"; };
		F29AFC0D248952EF002CD0E0 /* NetworkManager.swift */ = {isa = PBXFileReference; lastKnownFileType = sourcecode.swift; path = NetworkManager.swift; sourceTree = "<group>"; };
		F2A6E6852466FF5600970D1B /* LevelStore.swift */ = {isa = PBXFileReference; fileEncoding = 4; lastKnownFileType = sourcecode.swift; path = LevelStore.swift; sourceTree = "<group>"; };
		F2A6E6862466FF5600970D1B /* BoardCollectionViewFlowLayout.swift */ = {isa = PBXFileReference; fileEncoding = 4; lastKnownFileType = sourcecode.swift; path = BoardCollectionViewFlowLayout.swift; sourceTree = "<group>"; };
		F2A6E6872466FF5600970D1B /* BoardCollectionView.swift */ = {isa = PBXFileReference; fileEncoding = 4; lastKnownFileType = sourcecode.swift; path = BoardCollectionView.swift; sourceTree = "<group>"; };
		F2A6E6882466FF5600970D1B /* BoardDataSource.swift */ = {isa = PBXFileReference; fileEncoding = 4; lastKnownFileType = sourcecode.swift; path = BoardDataSource.swift; sourceTree = "<group>"; };
		F2A6E6892466FF5600970D1B /* ColorCollectionViewCell.swift */ = {isa = PBXFileReference; fileEncoding = 4; lastKnownFileType = sourcecode.swift; path = ColorCollectionViewCell.swift; sourceTree = "<group>"; };
		F2A6E6902467029300970D1B /* LevelModel.swift */ = {isa = PBXFileReference; lastKnownFileType = sourcecode.swift; path = LevelModel.swift; sourceTree = "<group>"; };
		F2AB0F55246FD07600FE7FDA /* ViewCreator.swift */ = {isa = PBXFileReference; lastKnownFileType = sourcecode.swift; path = ViewCreator.swift; sourceTree = "<group>"; };
		F2AB0F57246FD31B00FE7FDA /* User.swift */ = {isa = PBXFileReference; lastKnownFileType = sourcecode.swift; path = User.swift; sourceTree = "<group>"; };
		F2B07F28248A9C6F0019D075 /* GameKit.framework */ = {isa = PBXFileReference; lastKnownFileType = wrapper.framework; name = GameKit.framework; path = System/Library/Frameworks/GameKit.framework; sourceTree = SDKROOT; };
		F2B07F2A248A9CE10019D075 /* ColorNinja.entitlements */ = {isa = PBXFileReference; lastKnownFileType = text.plist.entitlements; path = ColorNinja.entitlements; sourceTree = "<group>"; };
		F2C06076246566B5001FAD58 /* ColorNinja.app */ = {isa = PBXFileReference; explicitFileType = wrapper.application; includeInIndex = 0; path = ColorNinja.app; sourceTree = BUILT_PRODUCTS_DIR; };
		F2C06079246566B5001FAD58 /* AppDelegate.swift */ = {isa = PBXFileReference; lastKnownFileType = sourcecode.swift; path = AppDelegate.swift; sourceTree = "<group>"; };
		F2C06085246566B7001FAD58 /* Base */ = {isa = PBXFileReference; lastKnownFileType = file.storyboard; name = Base; path = Base.lproj/LaunchScreen.storyboard; sourceTree = "<group>"; };
		F2C06087246566B7001FAD58 /* Info.plist */ = {isa = PBXFileReference; lastKnownFileType = text.plist.xml; path = Info.plist; sourceTree = "<group>"; };
		F2C5962C25472010000F5380 /* UserNameView.swift */ = {isa = PBXFileReference; lastKnownFileType = sourcecode.swift; path = UserNameView.swift; sourceTree = "<group>"; };
		F2D862362474330E006D3FD4 /* BaseHomeViewController.swift */ = {isa = PBXFileReference; fileEncoding = 4; lastKnownFileType = sourcecode.swift; path = BaseHomeViewController.swift; sourceTree = "<group>"; };
		F2D862382474332C006D3FD4 /* RoomGameViewController.swift */ = {isa = PBXFileReference; fileEncoding = 4; lastKnownFileType = sourcecode.swift; path = RoomGameViewController.swift; sourceTree = "<group>"; };
		F2D8623D2474343E006D3FD4 /* LoginViewController.swift */ = {isa = PBXFileReference; lastKnownFileType = sourcecode.swift; path = LoginViewController.swift; sourceTree = "<group>"; };
		F2EAD8532470429400B2D6B9 /* Squirk-RMvV.ttf */ = {isa = PBXFileReference; lastKnownFileType = file; path = "Squirk-RMvV.ttf"; sourceTree = "<group>"; };
		F2EAFC2D24A711DC001ADCFB /* EventPopup.swift */ = {isa = PBXFileReference; lastKnownFileType = sourcecode.swift; path = EventPopup.swift; sourceTree = "<group>"; };
		F2EAFC2F24A8656E001ADCFB /* AppConfig.swift */ = {isa = PBXFileReference; lastKnownFileType = sourcecode.swift; path = AppConfig.swift; sourceTree = "<group>"; };
		F2EB90CA24BAF6B800181467 /* GoogleService-Info.plist */ = {isa = PBXFileReference; fileEncoding = 4; lastKnownFileType = text.plist.xml; path = "GoogleService-Info.plist"; sourceTree = "<group>"; };
		F2EB90CC24BB5EAE00181467 /* LDImageView.swift */ = {isa = PBXFileReference; lastKnownFileType = sourcecode.swift; path = LDImageView.swift; sourceTree = "<group>"; };
		F2FC529524B0935500443C5B /* OneSignalNotificationServiceExtension.appex */ = {isa = PBXFileReference; explicitFileType = "wrapper.app-extension"; includeInIndex = 0; path = OneSignalNotificationServiceExtension.appex; sourceTree = BUILT_PRODUCTS_DIR; };
		F2FC529724B0935500443C5B /* NotificationService.swift */ = {isa = PBXFileReference; lastKnownFileType = sourcecode.swift; path = NotificationService.swift; sourceTree = "<group>"; };
		F2FC529924B0935500443C5B /* Info.plist */ = {isa = PBXFileReference; lastKnownFileType = text.plist.xml; path = Info.plist; sourceTree = "<group>"; };
/* End PBXFileReference section */

/* Begin PBXFrameworksBuildPhase section */
		F2C06073246566B5001FAD58 /* Frameworks */ = {
			isa = PBXFrameworksBuildPhase;
			buildActionMask = 2147483647;
			files = (
				F2B07F29248A9C6F0019D075 /* GameKit.framework in Frameworks */,
				1F24DE30531F19FD720BDCE9 /* Pods_ColorNinja.framework in Frameworks */,
			);
			runOnlyForDeploymentPostprocessing = 0;
		};
		F2FC529224B0935500443C5B /* Frameworks */ = {
			isa = PBXFrameworksBuildPhase;
			buildActionMask = 2147483647;
			files = (
				55A5653B40B2938C039A214B /* Pods_OneSignalNotificationServiceExtension.framework in Frameworks */,
			);
			runOnlyForDeploymentPostprocessing = 0;
		};
/* End PBXFrameworksBuildPhase section */

/* Begin PBXGroup section */
		2DD68138F1FAD3D7E224F3DA /* Frameworks */ = {
			isa = PBXGroup;
			children = (
				F2B07F28248A9C6F0019D075 /* GameKit.framework */,
				9CAA71D5E770FF4DCA29EEEA /* Pods_ColorNinja.framework */,
				BFD7FFB1A0788B5C3CC3126A /* Pods_OneSignalNotificationServiceExtension.framework */,
			);
			name = Frameworks;
			sourceTree = "<group>";
		};
		8C2C727D2467A7A500883388 /* Subviews */ = {
			isa = PBXGroup;
			children = (
				8C2C727F2467A7CC00883388 /* RankingTableViewCell.swift */,
			);
			path = Subviews;
			sourceTree = "<group>";
		};
		8C5FA0B7246AE693005D33E0 /* Login */ = {
			isa = PBXGroup;
			children = (
				F2D8623D2474343E006D3FD4 /* LoginViewController.swift */,
				F2C5962C25472010000F5380 /* UserNameView.swift */,
			);
			path = Login;
			sourceTree = "<group>";
		};
		8C5FFECF2472E7E200D9FA5E /* AppDelegate */ = {
			isa = PBXGroup;
			children = (
				F2C06079246566B5001FAD58 /* AppDelegate.swift */,
				8C5FFEE82472E84500D9FA5E /* AppDelegateDispatcher.swift */,
				8C5FFEEA2472E87E00D9FA5E /* BaseAppDelegate.swift */,
				8C5FFEEC2472E8B500D9FA5E /* ZaloSDKAppDelegate.swift */,
				8C5FFEEE2472E8D800D9FA5E /* FacebookSDKAppDelegate.swift */,
			);
			path = AppDelegate;
			sourceTree = "<group>";
		};
		8C6350AA24735CA700ADAB01 /* Facebook */ = {
			isa = PBXGroup;
			children = (
				8C6350A824735C8C00ADAB01 /* FacebookService.swift */,
			);
			path = Facebook;
			sourceTree = "<group>";
		};
		8C73DB8A246AA8C20095FE8A /* Core */ = {
			isa = PBXGroup;
			children = (
				F263FDBC246F992500A4AB0B /* Socket */,
				F27454F0246A718E0037A8BA /* MusicComponent */,
				8C73DB8B246AA8C90095FE8A /* Zalo */,
				8C6350AA24735CA700ADAB01 /* Facebook */,
			);
			path = Core;
			sourceTree = "<group>";
		};
		8C73DB8B246AA8C90095FE8A /* Zalo */ = {
			isa = PBXGroup;
			children = (
				8C73DB8C246AA8E40095FE8A /* ZaloSDKApiWrapper.swift */,
				8CC6DB3F246B8D380017B60A /* ZaloUser.swift */,
				8C34F004246E914600E156FD /* ZaloService.swift */,
			);
			path = Zalo;
			sourceTree = "<group>";
		};
		8CC6DB45246B8F940017B60A /* Common */ = {
			isa = PBXGroup;
			children = (
				F2405A922499336E00E71481 /* Localization */,
				F22F85622465A33300493BB6 /* Utilities */,
				F2347612246726BA004C8363 /* Model */,
				F23476362468518B004C8363 /* CustomButton */,
			);
			path = Common;
			sourceTree = "<group>";
		};
		8CD602FF246ED82800003447 /* Home */ = {
			isa = PBXGroup;
			children = (
				8C5FA0B8246AE6F4005D33E0 /* HomeViewController.swift */,
			);
			path = Home;
			sourceTree = "<group>";
		};
		8CD60300246ED83100003447 /* 1Player */ = {
			isa = PBXGroup;
			children = (
				F22F85692465B55400493BB6 /* SinglePlayerViewController.swift */,
				F2A6E6842466FF5600970D1B /* Board */,
			);
			path = 1Player;
			sourceTree = "<group>";
		};
		8CD60301246ED84E00003447 /* Popup */ = {
			isa = PBXGroup;
			children = (
				8C6EC7432467DE8E00612802 /* ZPopup.swift */,
				8C6EC7482467E3C100612802 /* PopupViewController.swift */,
				F234763224680D75004C8363 /* GameSettingPopup.swift */,
				F2347630246809C5004C8363 /* GameOverPopup.swift */,
				F260CA632476DFBF00D00348 /* JoinRoomPopup.swift */,
				F27312D8248235F200B9ADCF /* ChangeUserNamePopup.swift */,
				F2EAFC2D24A711DC001ADCFB /* EventPopup.swift */,
			);
			path = Popup;
			sourceTree = "<group>";
		};
		8CD60302246ED85300003447 /* Ranking */ = {
			isa = PBXGroup;
			children = (
				F2EB90CC24BB5EAE00181467 /* LDImageView.swift */,
				8C2C72772467A58C00883388 /* RankingViewController.swift */,
				8C2C727B2467A79700883388 /* RankingTableView.swift */,
				8C2C72812467ACD300883388 /* RankingCellModel.swift */,
				8C2C727D2467A7A500883388 /* Subviews */,
			);
			path = Ranking;
			sourceTree = "<group>";
		};
		9ABBD60AE1D01816F1BBF25E /* Pods */ = {
			isa = PBXGroup;
			children = (
				57C86C5C019D378438E37339 /* Pods-ColorNinja.debug.xcconfig */,
				2EA3A6356F910FED2BED91AD /* Pods-ColorNinja.release.xcconfig */,
				5E0E02E044182AD4183D8A58 /* Pods-OneSignalNotificationServiceExtension.debug.xcconfig */,
				EEC542EFC5658C36941397A3 /* Pods-OneSignalNotificationServiceExtension.release.xcconfig */,
			);
			path = Pods;
			sourceTree = "<group>";
		};
		F2278BBC24B9CBC50091D898 /* Ads */ = {
			isa = PBXGroup;
			children = (
				F2278BBA24B9C3A80091D898 /* LDBannerAdView.swift */,
			);
			path = Ads;
			sourceTree = "<group>";
		};
		F22F85612465A32500493BB6 /* ViewLayer */ = {
			isa = PBXGroup;
			children = (
				F2278BBC24B9CBC50091D898 /* Ads */,
				F260CA602476C5E700D00348 /* RoomVC */,
				F263FDB9246F94F400A4AB0B /* BaseViewController */,
				F263FDB6246F943D00A4AB0B /* 2Player */,
				8CD60302246ED85300003447 /* Ranking */,
				8CD60301246ED84E00003447 /* Popup */,
				8CD60300246ED83100003447 /* 1Player */,
				8CD602FF246ED82800003447 /* Home */,
				8C5FA0B7246AE693005D33E0 /* Login */,
			);
			path = ViewLayer;
			sourceTree = "<group>";
		};
		F22F85622465A33300493BB6 /* Utilities */ = {
			isa = PBXGroup;
			children = (
				8C7ABAB5246D5AE900063AE4 /* Utils.swift */,
				F22F85632465A34900493BB6 /* Constants.swift */,
				F22F85652465A71E00493BB6 /* UIView+Extension.swift */,
				F22F8583246679DA00493BB6 /* Size.swift */,
				F22F85872466940900493BB6 /* StaticFunctions.swift */,
				F2347634246836D7004C8363 /* UIColor+Extension.swift */,
				F2AB0F55246FD07600FE7FDA /* ViewCreator.swift */,
				8CC6DB43246B8E470017B60A /* Collection+Extension.swift */,
				8CC6DB41246B8E160017B60A /* Dictionary+Extension.swift */,
				8CC6DB46246B8FA90017B60A /* Date+Extension.swift */,
				8C8BA173246E707900A73046 /* UIImageView+Extension.swift */,
				F24E4365247A802900FBA7B1 /* CharacterSet+Extension.swift */,
				1610B08224A8C6A200504CC8 /* GradientView.swift */,
			);
			path = Utilities;
			sourceTree = "<group>";
		};
		F2347612246726BA004C8363 /* Model */ = {
			isa = PBXGroup;
			children = (
				F2A6E6902467029300970D1B /* LevelModel.swift */,
				F234761024671FE1004C8363 /* ColorCellModel.swift */,
				F2AB0F57246FD31B00FE7FDA /* User.swift */,
				F27288EC247EAD0F00330CFC /* ResultGameModel.swift */,
			);
			path = Model;
			sourceTree = "<group>";
		};
		F23476362468518B004C8363 /* CustomButton */ = {
			isa = PBXGroup;
			children = (
				F22F85672465AF2100493BB6 /* ZButton.swift */,
				F2347637246851A5004C8363 /* ButtonWithImage.swift */,
			);
			path = CustomButton;
			sourceTree = "<group>";
		};
		F2405A8E24992DF300E71481 /* DataLayer */ = {
			isa = PBXGroup;
			children = (
				F24E4347247A5C5E00FBA7B1 /* DataBaseService.swift */,
				F21145F3247CE092005ACB50 /* LeaderBoardStruct.swift */,
			);
			path = DataLayer;
			sourceTree = "<group>";
		};
		F2405A9124992E2300E71481 /* 3Tiers */ = {
			isa = PBXGroup;
			children = (
				F22F85612465A32500493BB6 /* ViewLayer */,
				F2405A8E24992DF300E71481 /* DataLayer */,
			);
			path = 3Tiers;
			sourceTree = "<group>";
		};
		F2405A922499336E00E71481 /* Localization */ = {
			isa = PBXGroup;
			children = (
				F2405A982499339E00E71481 /* Localizable.strings */,
			);
			path = Localization;
			sourceTree = "<group>";
		};
		F260CA602476C5E700D00348 /* RoomVC */ = {
			isa = PBXGroup;
			children = (
				F2D862382474332C006D3FD4 /* RoomGameViewController.swift */,
				F260CA612476C63500D00348 /* CreateRoomViewController.swift */,
			);
			path = RoomVC;
			sourceTree = "<group>";
		};
		F263FDB6246F943D00A4AB0B /* 2Player */ = {
			isa = PBXGroup;
			children = (
				F263FDB7246F945A00A4AB0B /* MultiPlayerViewController.swift */,
			);
			path = 2Player;
			sourceTree = "<group>";
		};
		F263FDB9246F94F400A4AB0B /* BaseViewController */ = {
			isa = PBXGroup;
			children = (
				F2D862362474330E006D3FD4 /* BaseHomeViewController.swift */,
				F263FDBA246F950000A4AB0B /* BaseViewController.swift */,
				F263FDBF246F9FB600A4AB0B /* BaseGameViewController.swift */,
			);
			path = BaseViewController;
			sourceTree = "<group>";
		};
		F263FDBC246F992500A4AB0B /* Socket */ = {
			isa = PBXGroup;
			children = (
				F263FDBD246F993500A4AB0B /* ClientSocket.swift */,
			);
			path = Socket;
			sourceTree = "<group>";
		};
		F27454F0246A718E0037A8BA /* MusicComponent */ = {
			isa = PBXGroup;
			children = (
				F27454F1246A71A40037A8BA /* MusicPlayer.swift */,
			);
			path = MusicComponent;
			sourceTree = "<group>";
		};
		F28098BA246AE1EF0060693D /* Resouces */ = {
			isa = PBXGroup;
			children = (
				F28098BE246AFD650060693D /* Font */,
				F27454F7246A76460037A8BA /* incorrectsound.mp3 */,
				F27454F5246A74660037A8BA /* correctsound.wav */,
				F27454F3246A72F80037A8BA /* bgmusic.mp3 */,
			);
			path = Resouces;
			sourceTree = "<group>";
		};
		F28098BB246AE2060060693D /* Manager */ = {
			isa = PBXGroup;
			children = (
				F23476132467B4D0004C8363 /* ColorStore.swift */,
				F2A6E6852466FF5600970D1B /* LevelStore.swift */,
				F28098BC246AE2410060693D /* GameSettingManager.swift */,
				F275A103247832590077E42F /* OwnerInfo.swift */,
				F29AFC0D248952EF002CD0E0 /* NetworkManager.swift */,
				F2EAFC2F24A8656E001ADCFB /* AppConfig.swift */,
				1677289B24D1B93500463869 /* AppleUserInfoStore.swift */,
			);
			path = Manager;
			sourceTree = "<group>";
		};
		F28098BE246AFD650060693D /* Font */ = {
			isa = PBXGroup;
			children = (
				F28098C4246B02C00060693D /* SnesItalic-vmAPZ.ttf */,
				F28098C2246B02A80060693D /* EvilEmpire-4BBVK.ttf */,
				F2EAD8532470429400B2D6B9 /* Squirk-RMvV.ttf */,
			);
			path = Font;
			sourceTree = "<group>";
		};
		F2A6E6842466FF5600970D1B /* Board */ = {
			isa = PBXGroup;
			children = (
				F2A6E6862466FF5600970D1B /* BoardCollectionViewFlowLayout.swift */,
				F2A6E6872466FF5600970D1B /* BoardCollectionView.swift */,
				F2A6E6882466FF5600970D1B /* BoardDataSource.swift */,
				F2A6E6892466FF5600970D1B /* ColorCollectionViewCell.swift */,
			);
			path = Board;
			sourceTree = "<group>";
		};
		F2C0606D246566B5001FAD58 = {
			isa = PBXGroup;
			children = (
				F2C06078246566B5001FAD58 /* ColorNinja */,
				F2FC529624B0935500443C5B /* OneSignalNotificationServiceExtension */,
				F2C06077246566B5001FAD58 /* Products */,
				9ABBD60AE1D01816F1BBF25E /* Pods */,
				2DD68138F1FAD3D7E224F3DA /* Frameworks */,
			);
			sourceTree = "<group>";
		};
		F2C06077246566B5001FAD58 /* Products */ = {
			isa = PBXGroup;
			children = (
				F2C06076246566B5001FAD58 /* ColorNinja.app */,
				F2FC529524B0935500443C5B /* OneSignalNotificationServiceExtension.appex */,
			);
			name = Products;
			sourceTree = "<group>";
		};
		F2C06078246566B5001FAD58 /* ColorNinja */ = {
			isa = PBXGroup;
			children = (
				F2B07F2A248A9CE10019D075 /* ColorNinja.entitlements */,
				F2405A9124992E2300E71481 /* 3Tiers */,
				8C5FFECF2472E7E200D9FA5E /* AppDelegate */,
				F28098BB246AE2060060693D /* Manager */,
				F28098BA246AE1EF0060693D /* Resouces */,
				8CC6DB45246B8F940017B60A /* Common */,
				8C73DB8A246AA8C20095FE8A /* Core */,
				F28098C6246B0D2E0060693D /* Assets.xcassets */,
				F2C06084246566B7001FAD58 /* LaunchScreen.storyboard */,
				F2EB90CA24BAF6B800181467 /* GoogleService-Info.plist */,
				F2C06087246566B7001FAD58 /* Info.plist */,
			);
			path = ColorNinja;
			sourceTree = "<group>";
		};
		F2FC529624B0935500443C5B /* OneSignalNotificationServiceExtension */ = {
			isa = PBXGroup;
			children = (
				F2FC529724B0935500443C5B /* NotificationService.swift */,
				F2FC529924B0935500443C5B /* Info.plist */,
			);
			path = OneSignalNotificationServiceExtension;
			sourceTree = "<group>";
		};
/* End PBXGroup section */

/* Begin PBXNativeTarget section */
		F2C06075246566B5001FAD58 /* ColorNinja */ = {
			isa = PBXNativeTarget;
			buildConfigurationList = F2C0608A246566B7001FAD58 /* Build configuration list for PBXNativeTarget "ColorNinja" */;
			buildPhases = (
				DC6ADB5518A2BC6B8BF37F13 /* [CP] Check Pods Manifest.lock */,
				F2C06072246566B5001FAD58 /* Sources */,
				F2C06073246566B5001FAD58 /* Frameworks */,
				F2C06074246566B5001FAD58 /* Resources */,
				F2FC52A024B0935500443C5B /* Embed App Extensions */,
				F3CEE564B4B5AD010B383727 /* [CP] Embed Pods Frameworks */,
			);
			buildRules = (
			);
			dependencies = (
				F2FC529B24B0935500443C5B /* PBXTargetDependency */,
			);
			name = ColorNinja;
			productName = ColorNinja;
			productReference = F2C06076246566B5001FAD58 /* ColorNinja.app */;
			productType = "com.apple.product-type.application";
		};
		F2FC529424B0935500443C5B /* OneSignalNotificationServiceExtension */ = {
			isa = PBXNativeTarget;
			buildConfigurationList = F2FC529D24B0935500443C5B /* Build configuration list for PBXNativeTarget "OneSignalNotificationServiceExtension" */;
			buildPhases = (
				A4653A546A9CD7AC3FFE50D1 /* [CP] Check Pods Manifest.lock */,
				F2FC529124B0935500443C5B /* Sources */,
				F2FC529224B0935500443C5B /* Frameworks */,
				F2FC529324B0935500443C5B /* Resources */,
			);
			buildRules = (
			);
			dependencies = (
			);
			name = OneSignalNotificationServiceExtension;
			productName = OneSignalNotificationServiceExtension;
			productReference = F2FC529524B0935500443C5B /* OneSignalNotificationServiceExtension.appex */;
			productType = "com.apple.product-type.app-extension";
		};
/* End PBXNativeTarget section */

/* Begin PBXProject section */
		F2C0606E246566B5001FAD58 /* Project object */ = {
			isa = PBXProject;
			attributes = {
				LastSwiftUpdateCheck = 1150;
				LastUpgradeCheck = 1140;
				ORGANIZATIONNAME = "Do Le Duy";
				TargetAttributes = {
					F2C06075246566B5001FAD58 = {
						CreatedOnToolsVersion = 11.4.1;
					};
					F2FC529424B0935500443C5B = {
						CreatedOnToolsVersion = 11.5;
					};
				};
			};
			buildConfigurationList = F2C06071246566B5001FAD58 /* Build configuration list for PBXProject "ColorNinja" */;
			compatibilityVersion = "Xcode 9.3";
			developmentRegion = en;
			hasScannedForEncodings = 0;
			knownRegions = (
				en,
				Base,
				vi,
			);
			mainGroup = F2C0606D246566B5001FAD58;
			productRefGroup = F2C06077246566B5001FAD58 /* Products */;
			projectDirPath = "";
			projectRoot = "";
			targets = (
				F2C06075246566B5001FAD58 /* ColorNinja */,
				F2FC529424B0935500443C5B /* OneSignalNotificationServiceExtension */,
			);
		};
/* End PBXProject section */

/* Begin PBXResourcesBuildPhase section */
		F2C06074246566B5001FAD58 /* Resources */ = {
			isa = PBXResourcesBuildPhase;
			buildActionMask = 2147483647;
			files = (
				F28098C3246B02A80060693D /* EvilEmpire-4BBVK.ttf in Resources */,
				F27454F8246A76470037A8BA /* incorrectsound.mp3 in Resources */,
				F27454F6246A74660037A8BA /* correctsound.wav in Resources */,
				F27454F4246A72F80037A8BA /* bgmusic.mp3 in Resources */,
				F2405A962499339D00E71481 /* Localizable.strings in Resources */,
				F2EAD8542470429400B2D6B9 /* Squirk-RMvV.ttf in Resources */,
				F2C06086246566B7001FAD58 /* LaunchScreen.storyboard in Resources */,
				F2EB90CB24BAF6B800181467 /* GoogleService-Info.plist in Resources */,
				F28098C5246B02C00060693D /* SnesItalic-vmAPZ.ttf in Resources */,
				F28098C7246B0D2E0060693D /* Assets.xcassets in Resources */,
			);
			runOnlyForDeploymentPostprocessing = 0;
		};
		F2FC529324B0935500443C5B /* Resources */ = {
			isa = PBXResourcesBuildPhase;
			buildActionMask = 2147483647;
			files = (
			);
			runOnlyForDeploymentPostprocessing = 0;
		};
/* End PBXResourcesBuildPhase section */

/* Begin PBXShellScriptBuildPhase section */
		A4653A546A9CD7AC3FFE50D1 /* [CP] Check Pods Manifest.lock */ = {
			isa = PBXShellScriptBuildPhase;
			buildActionMask = 2147483647;
			files = (
			);
			inputFileListPaths = (
			);
			inputPaths = (
				"${PODS_PODFILE_DIR_PATH}/Podfile.lock",
				"${PODS_ROOT}/Manifest.lock",
			);
			name = "[CP] Check Pods Manifest.lock";
			outputFileListPaths = (
			);
			outputPaths = (
				"$(DERIVED_FILE_DIR)/Pods-OneSignalNotificationServiceExtension-checkManifestLockResult.txt",
			);
			runOnlyForDeploymentPostprocessing = 0;
			shellPath = /bin/sh;
			shellScript = "diff \"${PODS_PODFILE_DIR_PATH}/Podfile.lock\" \"${PODS_ROOT}/Manifest.lock\" > /dev/null\nif [ $? != 0 ] ; then\n    # print error to STDERR\n    echo \"error: The sandbox is not in sync with the Podfile.lock. Run 'pod install' or update your CocoaPods installation.\" >&2\n    exit 1\nfi\n# This output is used by Xcode 'outputs' to avoid re-running this script phase.\necho \"SUCCESS\" > \"${SCRIPT_OUTPUT_FILE_0}\"\n";
			showEnvVarsInLog = 0;
		};
		DC6ADB5518A2BC6B8BF37F13 /* [CP] Check Pods Manifest.lock */ = {
			isa = PBXShellScriptBuildPhase;
			buildActionMask = 2147483647;
			files = (
			);
			inputFileListPaths = (
			);
			inputPaths = (
				"${PODS_PODFILE_DIR_PATH}/Podfile.lock",
				"${PODS_ROOT}/Manifest.lock",
			);
			name = "[CP] Check Pods Manifest.lock";
			outputFileListPaths = (
			);
			outputPaths = (
				"$(DERIVED_FILE_DIR)/Pods-ColorNinja-checkManifestLockResult.txt",
			);
			runOnlyForDeploymentPostprocessing = 0;
			shellPath = /bin/sh;
			shellScript = "diff \"${PODS_PODFILE_DIR_PATH}/Podfile.lock\" \"${PODS_ROOT}/Manifest.lock\" > /dev/null\nif [ $? != 0 ] ; then\n    # print error to STDERR\n    echo \"error: The sandbox is not in sync with the Podfile.lock. Run 'pod install' or update your CocoaPods installation.\" >&2\n    exit 1\nfi\n# This output is used by Xcode 'outputs' to avoid re-running this script phase.\necho \"SUCCESS\" > \"${SCRIPT_OUTPUT_FILE_0}\"\n";
			showEnvVarsInLog = 0;
		};
		F3CEE564B4B5AD010B383727 /* [CP] Embed Pods Frameworks */ = {
			isa = PBXShellScriptBuildPhase;
			buildActionMask = 2147483647;
			files = (
			);
			inputFileListPaths = (
				"${PODS_ROOT}/Target Support Files/Pods-ColorNinja/Pods-ColorNinja-frameworks-${CONFIGURATION}-input-files.xcfilelist",
			);
			name = "[CP] Embed Pods Frameworks";
			outputFileListPaths = (
				"${PODS_ROOT}/Target Support Files/Pods-ColorNinja/Pods-ColorNinja-frameworks-${CONFIGURATION}-output-files.xcfilelist",
			);
			runOnlyForDeploymentPostprocessing = 0;
			shellPath = /bin/sh;
			shellScript = "\"${PODS_ROOT}/Target Support Files/Pods-ColorNinja/Pods-ColorNinja-frameworks.sh\"\n";
			showEnvVarsInLog = 0;
		};
/* End PBXShellScriptBuildPhase section */

/* Begin PBXSourcesBuildPhase section */
		F2C06072246566B5001FAD58 /* Sources */ = {
			isa = PBXSourcesBuildPhase;
			buildActionMask = 2147483647;
			files = (
				F2347631246809C5004C8363 /* GameOverPopup.swift in Sources */,
				8C2C72822467ACD300883388 /* RankingCellModel.swift in Sources */,
				1610B08324A8C6A200504CC8 /* GradientView.swift in Sources */,
				8C6350A924735C8C00ADAB01 /* FacebookService.swift in Sources */,
				F22F8584246679DA00493BB6 /* Size.swift in Sources */,
				8C6EC7492467E3C100612802 /* PopupViewController.swift in Sources */,
				F27312D9248235F200B9ADCF /* ChangeUserNamePopup.swift in Sources */,
				F2347635246836D7004C8363 /* UIColor+Extension.swift in Sources */,
				8C5FA0B9246AE6F4005D33E0 /* HomeViewController.swift in Sources */,
				F263FDC0246F9FB600A4AB0B /* BaseGameViewController.swift in Sources */,
				F22F856A2465B55400493BB6 /* SinglePlayerViewController.swift in Sources */,
				8C2C72802467A7CC00883388 /* RankingTableViewCell.swift in Sources */,
				F27288ED247EAD0F00330CFC /* ResultGameModel.swift in Sources */,
				F29AFC0E248952EF002CD0E0 /* NetworkManager.swift in Sources */,
				F2A6E68A2466FF5600970D1B /* LevelStore.swift in Sources */,
				8CC6DB44246B8E470017B60A /* Collection+Extension.swift in Sources */,
				8CC6DB42246B8E160017B60A /* Dictionary+Extension.swift in Sources */,
				F2278BBB24B9C3A80091D898 /* LDBannerAdView.swift in Sources */,
				F260CA622476C63500D00348 /* CreateRoomViewController.swift in Sources */,
				F263FDB8246F945A00A4AB0B /* MultiPlayerViewController.swift in Sources */,
				F2D862372474330E006D3FD4 /* BaseHomeViewController.swift in Sources */,
				8C8BA174246E707900A73046 /* UIImageView+Extension.swift in Sources */,
				8C7ABAB6246D5AE900063AE4 /* Utils.swift in Sources */,
				F22F85882466940900493BB6 /* StaticFunctions.swift in Sources */,
				F234763324680D75004C8363 /* GameSettingPopup.swift in Sources */,
				8C5FFEED2472E8B500D9FA5E /* ZaloSDKAppDelegate.swift in Sources */,
				F2EB90CD24BB5EAE00181467 /* LDImageView.swift in Sources */,
				8C5FFEE92472E84500D9FA5E /* AppDelegateDispatcher.swift in Sources */,
				F260CA642476DFBF00D00348 /* JoinRoomPopup.swift in Sources */,
				F22F85682465AF2100493BB6 /* ZButton.swift in Sources */,
				F22F85642465A34900493BB6 /* Constants.swift in Sources */,
				8C2C727C2467A79700883388 /* RankingTableView.swift in Sources */,
				F2EAFC2E24A711DC001ADCFB /* EventPopup.swift in Sources */,
				F24E4348247A5C5E00FBA7B1 /* DataBaseService.swift in Sources */,
				F2D8623E2474343E006D3FD4 /* LoginViewController.swift in Sources */,
				F2AB0F56246FD07600FE7FDA /* ViewCreator.swift in Sources */,
				F23476142467B4D0004C8363 /* ColorStore.swift in Sources */,
				F275A104247832590077E42F /* OwnerInfo.swift in Sources */,
				F22F85662465A71E00493BB6 /* UIView+Extension.swift in Sources */,
				F2A6E68E2466FF5600970D1B /* ColorCollectionViewCell.swift in Sources */,
				F2C0607A246566B5001FAD58 /* AppDelegate.swift in Sources */,
				F27454F2246A71A40037A8BA /* MusicPlayer.swift in Sources */,
				F2D862392474332C006D3FD4 /* RoomGameViewController.swift in Sources */,
				8C2C72782467A58C00883388 /* RankingViewController.swift in Sources */,
				8C5FFEEF2472E8D800D9FA5E /* FacebookSDKAppDelegate.swift in Sources */,
				F263FDBB246F950000A4AB0B /* BaseViewController.swift in Sources */,
				F2EAFC3024A8656E001ADCFB /* AppConfig.swift in Sources */,
				F2347638246851A5004C8363 /* ButtonWithImage.swift in Sources */,
				F21145F4247CE092005ACB50 /* LeaderBoardStruct.swift in Sources */,
				8CC6DB47246B8FA90017B60A /* Date+Extension.swift in Sources */,
				F2AB0F58246FD31B00FE7FDA /* User.swift in Sources */,
				F263FDBE246F993500A4AB0B /* ClientSocket.swift in Sources */,
				F2A6E68B2466FF5600970D1B /* BoardCollectionViewFlowLayout.swift in Sources */,
				F2A6E6912467029300970D1B /* LevelModel.swift in Sources */,
				8C6EC7442467DE8E00612802 /* ZPopup.swift in Sources */,
				F28098BD246AE2410060693D /* GameSettingManager.swift in Sources */,
				F2A6E68D2466FF5600970D1B /* BoardDataSource.swift in Sources */,
				8CC6DB40246B8D380017B60A /* ZaloUser.swift in Sources */,
				8C73DB8D246AA8E40095FE8A /* ZaloSDKApiWrapper.swift in Sources */,
				F2A6E68C2466FF5600970D1B /* BoardCollectionView.swift in Sources */,
				F2C5962D25472010000F5380 /* UserNameView.swift in Sources */,
				F24E4366247A802900FBA7B1 /* CharacterSet+Extension.swift in Sources */,
				1677289C24D1B93500463869 /* AppleUserInfoStore.swift in Sources */,
				F234761124671FE1004C8363 /* ColorCellModel.swift in Sources */,
				8C34F005246E914600E156FD /* ZaloService.swift in Sources */,
				8C5FFEEB2472E87E00D9FA5E /* BaseAppDelegate.swift in Sources */,
			);
			runOnlyForDeploymentPostprocessing = 0;
		};
		F2FC529124B0935500443C5B /* Sources */ = {
			isa = PBXSourcesBuildPhase;
			buildActionMask = 2147483647;
			files = (
				F2FC529824B0935500443C5B /* NotificationService.swift in Sources */,
			);
			runOnlyForDeploymentPostprocessing = 0;
		};
/* End PBXSourcesBuildPhase section */

/* Begin PBXTargetDependency section */
		F2FC529B24B0935500443C5B /* PBXTargetDependency */ = {
			isa = PBXTargetDependency;
			target = F2FC529424B0935500443C5B /* OneSignalNotificationServiceExtension */;
			targetProxy = F2FC529A24B0935500443C5B /* PBXContainerItemProxy */;
		};
/* End PBXTargetDependency section */

/* Begin PBXVariantGroup section */
		F2405A982499339E00E71481 /* Localizable.strings */ = {
			isa = PBXVariantGroup;
			children = (
				F2405A972499339E00E71481 /* en */,
				F2405A99249933A300E71481 /* vi */,
			);
			name = Localizable.strings;
			sourceTree = "<group>";
		};
		F2C06084246566B7001FAD58 /* LaunchScreen.storyboard */ = {
			isa = PBXVariantGroup;
			children = (
				F2C06085246566B7001FAD58 /* Base */,
				F2405A952499339400E71481 /* vi */,
			);
			name = LaunchScreen.storyboard;
			sourceTree = "<group>";
		};
/* End PBXVariantGroup section */

/* Begin XCBuildConfiguration section */
		F2C06088246566B7001FAD58 /* Debug */ = {
			isa = XCBuildConfiguration;
			buildSettings = {
				ALWAYS_SEARCH_USER_PATHS = NO;
				CLANG_ANALYZER_LOCALIZABILITY_NONLOCALIZED = YES;
				CLANG_ANALYZER_NONNULL = YES;
				CLANG_ANALYZER_NUMBER_OBJECT_CONVERSION = YES_AGGRESSIVE;
				CLANG_CXX_LANGUAGE_STANDARD = "gnu++14";
				CLANG_CXX_LIBRARY = "libc++";
				CLANG_ENABLE_MODULES = YES;
				CLANG_ENABLE_OBJC_ARC = YES;
				CLANG_ENABLE_OBJC_WEAK = YES;
				CLANG_WARN_BLOCK_CAPTURE_AUTORELEASING = YES;
				CLANG_WARN_BOOL_CONVERSION = YES;
				CLANG_WARN_COMMA = YES;
				CLANG_WARN_CONSTANT_CONVERSION = YES;
				CLANG_WARN_DEPRECATED_OBJC_IMPLEMENTATIONS = YES;
				CLANG_WARN_DIRECT_OBJC_ISA_USAGE = YES_ERROR;
				CLANG_WARN_DOCUMENTATION_COMMENTS = YES;
				CLANG_WARN_EMPTY_BODY = YES;
				CLANG_WARN_ENUM_CONVERSION = YES;
				CLANG_WARN_INFINITE_RECURSION = YES;
				CLANG_WARN_INT_CONVERSION = YES;
				CLANG_WARN_NON_LITERAL_NULL_CONVERSION = YES;
				CLANG_WARN_OBJC_IMPLICIT_RETAIN_SELF = YES;
				CLANG_WARN_OBJC_LITERAL_CONVERSION = YES;
				CLANG_WARN_OBJC_ROOT_CLASS = YES_ERROR;
				CLANG_WARN_RANGE_LOOP_ANALYSIS = YES;
				CLANG_WARN_STRICT_PROTOTYPES = YES;
				CLANG_WARN_SUSPICIOUS_MOVE = YES;
				CLANG_WARN_UNGUARDED_AVAILABILITY = YES_AGGRESSIVE;
				CLANG_WARN_UNREACHABLE_CODE = YES;
				CLANG_WARN__DUPLICATE_METHOD_MATCH = YES;
				COPY_PHASE_STRIP = NO;
				DEBUG_INFORMATION_FORMAT = dwarf;
				ENABLE_STRICT_OBJC_MSGSEND = YES;
				ENABLE_TESTABILITY = YES;
				GCC_C_LANGUAGE_STANDARD = gnu11;
				GCC_DYNAMIC_NO_PIC = NO;
				GCC_NO_COMMON_BLOCKS = YES;
				GCC_OPTIMIZATION_LEVEL = 0;
				GCC_PREPROCESSOR_DEFINITIONS = (
					"DEBUG=1",
					"$(inherited)",
				);
				GCC_WARN_64_TO_32_BIT_CONVERSION = YES;
				GCC_WARN_ABOUT_RETURN_TYPE = YES_ERROR;
				GCC_WARN_UNDECLARED_SELECTOR = YES;
				GCC_WARN_UNINITIALIZED_AUTOS = YES_AGGRESSIVE;
				GCC_WARN_UNUSED_FUNCTION = YES;
				GCC_WARN_UNUSED_VARIABLE = YES;
				IPHONEOS_DEPLOYMENT_TARGET = 13.4;
				MTL_ENABLE_DEBUG_INFO = INCLUDE_SOURCE;
				MTL_FAST_MATH = YES;
				ONLY_ACTIVE_ARCH = YES;
				SDKROOT = iphoneos;
				SWIFT_ACTIVE_COMPILATION_CONDITIONS = DEBUG;
				SWIFT_OPTIMIZATION_LEVEL = "-Onone";
			};
			name = Debug;
		};
		F2C06089246566B7001FAD58 /* Release */ = {
			isa = XCBuildConfiguration;
			buildSettings = {
				ALWAYS_SEARCH_USER_PATHS = NO;
				CLANG_ANALYZER_LOCALIZABILITY_NONLOCALIZED = YES;
				CLANG_ANALYZER_NONNULL = YES;
				CLANG_ANALYZER_NUMBER_OBJECT_CONVERSION = YES_AGGRESSIVE;
				CLANG_CXX_LANGUAGE_STANDARD = "gnu++14";
				CLANG_CXX_LIBRARY = "libc++";
				CLANG_ENABLE_MODULES = YES;
				CLANG_ENABLE_OBJC_ARC = YES;
				CLANG_ENABLE_OBJC_WEAK = YES;
				CLANG_WARN_BLOCK_CAPTURE_AUTORELEASING = YES;
				CLANG_WARN_BOOL_CONVERSION = YES;
				CLANG_WARN_COMMA = YES;
				CLANG_WARN_CONSTANT_CONVERSION = YES;
				CLANG_WARN_DEPRECATED_OBJC_IMPLEMENTATIONS = YES;
				CLANG_WARN_DIRECT_OBJC_ISA_USAGE = YES_ERROR;
				CLANG_WARN_DOCUMENTATION_COMMENTS = YES;
				CLANG_WARN_EMPTY_BODY = YES;
				CLANG_WARN_ENUM_CONVERSION = YES;
				CLANG_WARN_INFINITE_RECURSION = YES;
				CLANG_WARN_INT_CONVERSION = YES;
				CLANG_WARN_NON_LITERAL_NULL_CONVERSION = YES;
				CLANG_WARN_OBJC_IMPLICIT_RETAIN_SELF = YES;
				CLANG_WARN_OBJC_LITERAL_CONVERSION = YES;
				CLANG_WARN_OBJC_ROOT_CLASS = YES_ERROR;
				CLANG_WARN_RANGE_LOOP_ANALYSIS = YES;
				CLANG_WARN_STRICT_PROTOTYPES = YES;
				CLANG_WARN_SUSPICIOUS_MOVE = YES;
				CLANG_WARN_UNGUARDED_AVAILABILITY = YES_AGGRESSIVE;
				CLANG_WARN_UNREACHABLE_CODE = YES;
				CLANG_WARN__DUPLICATE_METHOD_MATCH = YES;
				COPY_PHASE_STRIP = NO;
				DEBUG_INFORMATION_FORMAT = "dwarf-with-dsym";
				ENABLE_NS_ASSERTIONS = NO;
				ENABLE_STRICT_OBJC_MSGSEND = YES;
				GCC_C_LANGUAGE_STANDARD = gnu11;
				GCC_NO_COMMON_BLOCKS = YES;
				GCC_WARN_64_TO_32_BIT_CONVERSION = YES;
				GCC_WARN_ABOUT_RETURN_TYPE = YES_ERROR;
				GCC_WARN_UNDECLARED_SELECTOR = YES;
				GCC_WARN_UNINITIALIZED_AUTOS = YES_AGGRESSIVE;
				GCC_WARN_UNUSED_FUNCTION = YES;
				GCC_WARN_UNUSED_VARIABLE = YES;
				IPHONEOS_DEPLOYMENT_TARGET = 13.4;
				MTL_ENABLE_DEBUG_INFO = NO;
				MTL_FAST_MATH = YES;
				SDKROOT = iphoneos;
				SWIFT_COMPILATION_MODE = wholemodule;
				SWIFT_OPTIMIZATION_LEVEL = "-O";
				VALIDATE_PRODUCT = YES;
			};
			name = Release;
		};
		F2C0608B246566B7001FAD58 /* Debug */ = {
			isa = XCBuildConfiguration;
			baseConfigurationReference = 57C86C5C019D378438E37339 /* Pods-ColorNinja.debug.xcconfig */;
			buildSettings = {
				ALWAYS_EMBED_SWIFT_STANDARD_LIBRARIES = "$(inherited)";
				ASSETCATALOG_COMPILER_APPICON_NAME = AppIcon;
				CODE_SIGN_ENTITLEMENTS = ColorNinja/ColorNinja.entitlements;
				CODE_SIGN_IDENTITY = "Apple Development";
				CODE_SIGN_STYLE = Automatic;
				CURRENT_PROJECT_VERSION = 2.1;
				DEVELOPMENT_TEAM = GSDWJHQ3A4;
				INFOPLIST_FILE = ColorNinja/Info.plist;
				IPHONEOS_DEPLOYMENT_TARGET = 10.0;
				LD_RUNPATH_SEARCH_PATHS = (
					"$(inherited)",
					"@executable_path/Frameworks",
				);
				MARKETING_VERSION = 2.1;
				PRODUCT_BUNDLE_IDENTIFIER = com.duydl.colorninja;
				PRODUCT_NAME = "$(TARGET_NAME)";
				PROVISIONING_PROFILE_SPECIFIER = "";
				"SWIFT_ACTIVE_COMPILATION_CONDITIONS[arch=*]" = "DISABLE_ZALOSDK DISABLE_LOGIN_FB DEBUG_ADS DEBUG ENABLE_SERVER_CONFIG";
				SWIFT_VERSION = 5.0;
				TARGETED_DEVICE_FAMILY = "1,2";
			};
			name = Debug;
		};
		F2C0608C246566B7001FAD58 /* Release */ = {
			isa = XCBuildConfiguration;
			baseConfigurationReference = 2EA3A6356F910FED2BED91AD /* Pods-ColorNinja.release.xcconfig */;
			buildSettings = {
				ALWAYS_EMBED_SWIFT_STANDARD_LIBRARIES = "$(inherited)";
				ASSETCATALOG_COMPILER_APPICON_NAME = AppIcon;
				CODE_SIGN_ENTITLEMENTS = ColorNinja/ColorNinja.entitlements;
				CODE_SIGN_IDENTITY = "Apple Development";
				CODE_SIGN_STYLE = Automatic;
				CURRENT_PROJECT_VERSION = 2.1;
				DEVELOPMENT_TEAM = GSDWJHQ3A4;
				INFOPLIST_FILE = ColorNinja/Info.plist;
				IPHONEOS_DEPLOYMENT_TARGET = 10.0;
				LD_RUNPATH_SEARCH_PATHS = (
					"$(inherited)",
					"@executable_path/Frameworks",
				);
				MARKETING_VERSION = 2.1;
				PRODUCT_BUNDLE_IDENTIFIER = com.duydl.colorninja;
				PRODUCT_NAME = "$(TARGET_NAME)";
				PROVISIONING_PROFILE_SPECIFIER = "";
				"SWIFT_ACTIVE_COMPILATION_CONDITIONS[arch=*]" = "DISABLE_ZALOSDK DISABLE_LOGIN_FB ENABLE_SERVER_CONFIG";
				SWIFT_VERSION = 5.0;
				TARGETED_DEVICE_FAMILY = "1,2";
			};
			name = Release;
		};
		F2FC529E24B0935500443C5B /* Debug */ = {
			isa = XCBuildConfiguration;
			baseConfigurationReference = 5E0E02E044182AD4183D8A58 /* Pods-OneSignalNotificationServiceExtension.debug.xcconfig */;
			buildSettings = {
				CODE_SIGN_IDENTITY = "Apple Development";
				CODE_SIGN_STYLE = Automatic;
				DEVELOPMENT_TEAM = GSDWJHQ3A4;
				INFOPLIST_FILE = OneSignalNotificationServiceExtension/Info.plist;
				IPHONEOS_DEPLOYMENT_TARGET = 10.0;
				LD_RUNPATH_SEARCH_PATHS = (
					"$(inherited)",
					"@executable_path/Frameworks",
					"@executable_path/../../Frameworks",
				);
				PRODUCT_BUNDLE_IDENTIFIER = com.duydl.colorninja.OneSignalNotificationServiceExtension;
				PRODUCT_NAME = "$(TARGET_NAME)";
				SKIP_INSTALL = YES;
				SWIFT_VERSION = 5.0;
				TARGETED_DEVICE_FAMILY = "1,2";
			};
			name = Debug;
		};
		F2FC529F24B0935500443C5B /* Release */ = {
			isa = XCBuildConfiguration;
			baseConfigurationReference = EEC542EFC5658C36941397A3 /* Pods-OneSignalNotificationServiceExtension.release.xcconfig */;
			buildSettings = {
				CODE_SIGN_IDENTITY = "Apple Development";
				CODE_SIGN_STYLE = Automatic;
				DEVELOPMENT_TEAM = GSDWJHQ3A4;
				INFOPLIST_FILE = OneSignalNotificationServiceExtension/Info.plist;
				IPHONEOS_DEPLOYMENT_TARGET = 10.0;
				LD_RUNPATH_SEARCH_PATHS = (
					"$(inherited)",
					"@executable_path/Frameworks",
					"@executable_path/../../Frameworks",
				);
				PRODUCT_BUNDLE_IDENTIFIER = com.duydl.colorninja.OneSignalNotificationServiceExtension;
				PRODUCT_NAME = "$(TARGET_NAME)";
				SKIP_INSTALL = YES;
				SWIFT_VERSION = 5.0;
				TARGETED_DEVICE_FAMILY = "1,2";
			};
			name = Release;
		};
/* End XCBuildConfiguration section */

/* Begin XCConfigurationList section */
		F2C06071246566B5001FAD58 /* Build configuration list for PBXProject "ColorNinja" */ = {
			isa = XCConfigurationList;
			buildConfigurations = (
				F2C06088246566B7001FAD58 /* Debug */,
				F2C06089246566B7001FAD58 /* Release */,
			);
			defaultConfigurationIsVisible = 0;
			defaultConfigurationName = Release;
		};
		F2C0608A246566B7001FAD58 /* Build configuration list for PBXNativeTarget "ColorNinja" */ = {
			isa = XCConfigurationList;
			buildConfigurations = (
				F2C0608B246566B7001FAD58 /* Debug */,
				F2C0608C246566B7001FAD58 /* Release */,
			);
			defaultConfigurationIsVisible = 0;
			defaultConfigurationName = Release;
		};
		F2FC529D24B0935500443C5B /* Build configuration list for PBXNativeTarget "OneSignalNotificationServiceExtension" */ = {
			isa = XCConfigurationList;
			buildConfigurations = (
				F2FC529E24B0935500443C5B /* Debug */,
				F2FC529F24B0935500443C5B /* Release */,
			);
			defaultConfigurationIsVisible = 0;
			defaultConfigurationName = Release;
		};
/* End XCConfigurationList section */
	};
	rootObject = F2C0606E246566B5001FAD58 /* Project object */;
}
